
Microsoft Visual Studio Solution File, Format Version 12.00
# Visual Studio 15
VisualStudioVersion = 15.0.27130.2026
MinimumVisualStudioVersion = 10.0.40219.1
Project("{FAE04EC0-301F-11D3-BF4B-00C04F79EFBC}") = "ftCarWin", "ftCarWin\ftCarWin.csproj", "{534F8DAD-F441-4F5B-965A-C64E5F9BCC0A}"
EndProject
Project("{2150E333-8FDC-42A3-9474-1A3956D46DE8}") = "Solution Items", "Solution Items", "{0BB12373-D8FB-459E-BBB3-689D2FE6B95C}"
EndProject
Project("{2150E333-8FDC-42A3-9474-1A3956D46DE8}") = "Packages", "Packages", "{884A5B1D-2916-4989-B47C-50B69A74E4A4}"
EndProject
Project("{FAE04EC0-301F-11D3-BF4B-00C04F79EFBC}") = "CmdMessenger", "CmdMessenger\CmdMessenger.csproj", "{26D8A852-FDA8-4DD1-96FA-9001738AA9B5}"
EndProject
Project("{FAE04EC0-301F-11D3-BF4B-00C04F79EFBC}") = "ArduinoCommunicator", "ArduinoCommunicator\ArduinoCommunicator.csproj", "{A05CB237-94FB-452A-82CF-C0D559B61036}"
EndProject
Project("{FAE04EC0-301F-11D3-BF4B-00C04F79EFBC}") = "CmdMessenger.Test", "CmdMessenger.Test\CmdMessenger.Test.csproj", "{5676C06B-51A6-4F66-9A31-1613D729A980}"
EndProject
Global
	GlobalSection(SolutionConfigurationPlatforms) = preSolution
		Debug|Any CPU = Debug|Any CPU
		Debug|x86 = Debug|x86
		Release|Any CPU = Release|Any CPU
		Release|x86 = Release|x86
	EndGlobalSection
	GlobalSection(ProjectConfigurationPlatforms) = postSolution
		{534F8DAD-F441-4F5B-965A-C64E5F9BCC0A}.Debug|Any CPU.ActiveCfg = Debug|Any CPU
		{534F8DAD-F441-4F5B-965A-C64E5F9BCC0A}.Debug|Any CPU.Build.0 = Debug|Any CPU
		{534F8DAD-F441-4F5B-965A-C64E5F9BCC0A}.Debug|x86.ActiveCfg = Debug|Any CPU
		{534F8DAD-F441-4F5B-965A-C64E5F9BCC0A}.Release|Any CPU.ActiveCfg = Release|Any CPU
		{534F8DAD-F441-4F5B-965A-C64E5F9BCC0A}.Release|Any CPU.Build.0 = Release|Any CPU
		{534F8DAD-F441-4F5B-965A-C64E5F9BCC0A}.Release|x86.ActiveCfg = Release|Any CPU
		{26D8A852-FDA8-4DD1-96FA-9001738AA9B5}.Debug|Any CPU.ActiveCfg = Debug|Any CPU
		{26D8A852-FDA8-4DD1-96FA-9001738AA9B5}.Debug|Any CPU.Build.0 = Debug|Any CPU
		{26D8A852-FDA8-4DD1-96FA-9001738AA9B5}.Debug|x86.ActiveCfg = Debug|Any CPU
		{26D8A852-FDA8-4DD1-96FA-9001738AA9B5}.Debug|x86.Build.0 = Debug|Any CPU
		{26D8A852-FDA8-4DD1-96FA-9001738AA9B5}.Release|Any CPU.ActiveCfg = Release|Any CPU
		{26D8A852-FDA8-4DD1-96FA-9001738AA9B5}.Release|Any CPU.Build.0 = Release|Any CPU
		{26D8A852-FDA8-4DD1-96FA-9001738AA9B5}.Release|x86.ActiveCfg = Release|Any CPU
		{26D8A852-FDA8-4DD1-96FA-9001738AA9B5}.Release|x86.Build.0 = Release|Any CPU
		{A05CB237-94FB-452A-82CF-C0D559B61036}.Debug|Any CPU.ActiveCfg = Debug|Any CPU
		{A05CB237-94FB-452A-82CF-C0D559B61036}.Debug|Any CPU.Build.0 = Debug|Any CPU
		{A05CB237-94FB-452A-82CF-C0D559B61036}.Debug|x86.ActiveCfg = Debug|Any CPU
		{A05CB237-94FB-452A-82CF-C0D559B61036}.Debug|x86.Build.0 = Debug|Any CPU
		{A05CB237-94FB-452A-82CF-C0D559B61036}.Release|Any CPU.ActiveCfg = Release|Any CPU
		{A05CB237-94FB-452A-82CF-C0D559B61036}.Release|Any CPU.Build.0 = Release|Any CPU
		{A05CB237-94FB-452A-82CF-C0D559B61036}.Release|x86.ActiveCfg = Release|Any CPU
		{A05CB237-94FB-452A-82CF-C0D559B61036}.Release|x86.Build.0 = Release|Any CPU
		{5676C06B-51A6-4F66-9A31-1613D729A980}.Debug|Any CPU.ActiveCfg = Debug|Any CPU
		{5676C06B-51A6-4F66-9A31-1613D729A980}.Debug|Any CPU.Build.0 = Debug|Any CPU
		{5676C06B-51A6-4F66-9A31-1613D729A980}.Debug|x86.ActiveCfg = Debug|Any CPU
		{5676C06B-51A6-4F66-9A31-1613D729A980}.Debug|x86.Build.0 = Debug|Any CPU
		{5676C06B-51A6-4F66-9A31-1613D729A980}.Release|Any CPU.ActiveCfg = Release|Any CPU
		{5676C06B-51A6-4F66-9A31-1613D729A980}.Release|Any CPU.Build.0 = Release|Any CPU
		{5676C06B-51A6-4F66-9A31-1613D729A980}.Release|x86.ActiveCfg = Release|Any CPU
		{5676C06B-51A6-4F66-9A31-1613D729A980}.Release|x86.Build.0 = Release|Any CPU
	EndGlobalSection
	GlobalSection(SolutionProperties) = preSolution
		HideSolutionNode = FALSE
	EndGlobalSection
	GlobalSection(NestedProjects) = preSolution
		{884A5B1D-2916-4989-B47C-50B69A74E4A4} = {0BB12373-D8FB-459E-BBB3-689D2FE6B95C}
	EndGlobalSection
	GlobalSection(ExtensibilityGlobals) = postSolution
		SolutionGuid = {74C832E8-8A1F-46BA-9170-7F6263C79093}
	EndGlobalSection
EndGlobal
